
Microsoft Visual Studio Solution File, Format Version 12.00
# Visual Studio Version 16
VisualStudioVersion = 16.0.28705.295
MinimumVisualStudioVersion = 10.0.40219.1
Project("{FAE04EC0-301F-11D3-BF4B-00C04F79EFBC}") = "VTDI_GATE_LOGG", "VTDI_GATE_LOGG.csproj", "{3B9A5AE6-BA82-4B79-99EF-8FD7BC526A81}"
EndProject
Global
	GlobalSection(SolutionConfigurationPlatforms) = preSolution
		Debug|Any CPU = Debug|Any CPU
		Release|Any CPU = Release|Any CPU
	EndGlobalSection
	GlobalSection(ProjectConfigurationPlatforms) = postSolution
		{3B9A5AE6-BA82-4B79-99EF-8FD7BC526A81}.Debug|Any CPU.ActiveCfg = Debug|Any CPU
		{3B9A5AE6-BA82-4B79-99EF-8FD7BC526A81}.Debug|Any CPU.Build.0 = Debug|Any CPU
		{3B9A5AE6-BA82-4B79-99EF-8FD7BC526A81}.Release|Any CPU.ActiveCfg = Release|Any CPU
		{3B9A5AE6-BA82-4B79-99EF-8FD7BC526A81}.Release|Any CPU.Build.0 = Release|Any CPU
	EndGlobalSection
	GlobalSection(SolutionProperties) = preSolution
		HideSolutionNode = FALSE
	EndGlobalSection
	GlobalSection(ExtensibilityGlobals) = postSolution
		SolutionGuid = {0B4B1D53-51D6-4818-A275-B0048D6AA741}
	EndGlobalSection
EndGlobal
